
Microsoft Visual Studio Solution File, Format Version 12.00
# Visual Studio 2013
VisualStudioVersion = 12.0.21005.1
MinimumVisualStudioVersion = 10.0.40219.1
Project("{FAE04EC0-301F-11D3-BF4B-00C04F79EFBC}") = "Program", "Program\Program.csproj", "{733BA06D-F7F4-4BE2-8394-7FECB8295922}"
EndProject
Project("{FAE04EC0-301F-11D3-BF4B-00C04F79EFBC}") = "Essai", "Essai\Essai.csproj", "{AEE79A92-CF6D-4663-AFBE-01662B8B6D75}"
EndProject
Project("{FAE04EC0-301F-11D3-BF4B-00C04F79EFBC}") = "InterfaceGraph", "InterfaceGraph\InterfaceGraph.csproj", "{C2E2F8A4-794D-4E4B-808E-C2F0D04C01F9}"
EndProject
Project("{FAE04EC0-301F-11D3-BF4B-00C04F79EFBC}") = "WindowsForms", "WindowsForms\WindowsForms.csproj", "{1F1CAA1D-DA0B-4584-A4E7-D9FDC38301AD}"
EndProject
Project("{FAE04EC0-301F-11D3-BF4B-00C04F79EFBC}") = "MVC", "MVC\MVC.csproj", "{08D564BA-E3F1-4F2C-BA61-675F7487CE14}"
EndProject
Global
	GlobalSection(SolutionConfigurationPlatforms) = preSolution
		Debug|Any CPU = Debug|Any CPU
		Release|Any CPU = Release|Any CPU
	EndGlobalSection
	GlobalSection(ProjectConfigurationPlatforms) = postSolution
		{733BA06D-F7F4-4BE2-8394-7FECB8295922}.Debug|Any CPU.ActiveCfg = Debug|Any CPU
		{733BA06D-F7F4-4BE2-8394-7FECB8295922}.Debug|Any CPU.Build.0 = Debug|Any CPU
		{733BA06D-F7F4-4BE2-8394-7FECB8295922}.Release|Any CPU.ActiveCfg = Release|Any CPU
		{733BA06D-F7F4-4BE2-8394-7FECB8295922}.Release|Any CPU.Build.0 = Release|Any CPU
		{AEE79A92-CF6D-4663-AFBE-01662B8B6D75}.Debug|Any CPU.ActiveCfg = Debug|Any CPU
		{AEE79A92-CF6D-4663-AFBE-01662B8B6D75}.Debug|Any CPU.Build.0 = Debug|Any CPU
		{AEE79A92-CF6D-4663-AFBE-01662B8B6D75}.Release|Any CPU.ActiveCfg = Release|Any CPU
		{AEE79A92-CF6D-4663-AFBE-01662B8B6D75}.Release|Any CPU.Build.0 = Release|Any CPU
		{C2E2F8A4-794D-4E4B-808E-C2F0D04C01F9}.Debug|Any CPU.ActiveCfg = Debug|Any CPU
		{C2E2F8A4-794D-4E4B-808E-C2F0D04C01F9}.Debug|Any CPU.Build.0 = Debug|Any CPU
		{C2E2F8A4-794D-4E4B-808E-C2F0D04C01F9}.Release|Any CPU.ActiveCfg = Release|Any CPU
		{C2E2F8A4-794D-4E4B-808E-C2F0D04C01F9}.Release|Any CPU.Build.0 = Release|Any CPU
		{1F1CAA1D-DA0B-4584-A4E7-D9FDC38301AD}.Debug|Any CPU.ActiveCfg = Debug|Any CPU
		{1F1CAA1D-DA0B-4584-A4E7-D9FDC38301AD}.Debug|Any CPU.Build.0 = Debug|Any CPU
		{1F1CAA1D-DA0B-4584-A4E7-D9FDC38301AD}.Release|Any CPU.ActiveCfg = Release|Any CPU
		{1F1CAA1D-DA0B-4584-A4E7-D9FDC38301AD}.Release|Any CPU.Build.0 = Release|Any CPU
		{08D564BA-E3F1-4F2C-BA61-675F7487CE14}.Debug|Any CPU.ActiveCfg = Debug|Any CPU
		{08D564BA-E3F1-4F2C-BA61-675F7487CE14}.Debug|Any CPU.Build.0 = Debug|Any CPU
		{08D564BA-E3F1-4F2C-BA61-675F7487CE14}.Release|Any CPU.ActiveCfg = Release|Any CPU
		{08D564BA-E3F1-4F2C-BA61-675F7487CE14}.Release|Any CPU.Build.0 = Release|Any CPU
	EndGlobalSection
	GlobalSection(SolutionProperties) = preSolution
		HideSolutionNode = FALSE
	EndGlobalSection
EndGlobal
